
Microsoft Visual Studio Solution File, Format Version 11.00
# Visual Studio 2010
Project("{FAE04EC0-301F-11D3-BF4B-00C04F79EFBC}") = "PhotonUnityNetworking.Utilities", "PhotonUnityNetworking.Utilities.csproj", "{A9DE45F2-CA15-0FE7-FB1C-5AD0A2F15FA6}"
EndProject
Project("{FAE04EC0-301F-11D3-BF4B-00C04F79EFBC}") = "Assembly-CSharp", "Assembly-CSharp.csproj", "{987046FB-6852-6391-1AA5-2DDF46579A4E}"
EndProject
Project("{FAE04EC0-301F-11D3-BF4B-00C04F79EFBC}") = "PhotonUnityNetworking.Demos", "PhotonUnityNetworking.Demos.csproj", "{6137A6C1-63DA-17E8-4D0B-85A71BC7F3EF}"
EndProject
Project("{FAE04EC0-301F-11D3-BF4B-00C04F79EFBC}") = "PhotonUnityNetworking", "PhotonUnityNetworking.csproj", "{33B4C83B-AF82-E84B-B12F-AD4CEBF8BEC1}"
EndProject
Project("{FAE04EC0-301F-11D3-BF4B-00C04F79EFBC}") = "PhotonChat", "PhotonChat.csproj", "{B454B86D-DFEB-AE92-5DC7-15F43D59A95A}"
EndProject
Project("{FAE04EC0-301F-11D3-BF4B-00C04F79EFBC}") = "PhotonRealtime", "PhotonRealtime.csproj", "{3BA98A35-144A-674E-F1F5-EA11BB14AB43}"
EndProject
Project("{FAE04EC0-301F-11D3-BF4B-00C04F79EFBC}") = "PhotonUnityNetworking.Editor", "PhotonUnityNetworking.Editor.csproj", "{90C49D19-0824-4A79-4B17-B8DDFB0549E4}"
EndProject
Project("{FAE04EC0-301F-11D3-BF4B-00C04F79EFBC}") = "PhotonUnityNetworking.Utilities.PhotonPlayer.Editor", "PhotonUnityNetworking.Utilities.PhotonPlayer.Editor.csproj", "{C8C3B26A-3182-E2DA-822E-CDCF7910A8C3}"
EndProject
Project("{FAE04EC0-301F-11D3-BF4B-00C04F79EFBC}") = "PunDemos.DemoSlotcarEditor", "PunDemos.DemoSlotcarEditor.csproj", "{55DE9D60-FA4E-8AF1-1B4F-2C37CE7E4D5C}"
EndProject
Project("{FAE04EC0-301F-11D3-BF4B-00C04F79EFBC}") = "PhotonUnityNetworking.Utilities.Culling.Editor", "PhotonUnityNetworking.Utilities.Culling.Editor.csproj", "{F0640BB9-97F7-8857-B53E-16BE6FA6C981}"
EndProject
Project("{FAE04EC0-301F-11D3-BF4B-00C04F79EFBC}") = "PunDemos.DemoHubEditor", "PunDemos.DemoHubEditor.csproj", "{C4D3EC0E-E129-A5D4-F905-D312F0B531C9}"
EndProject
Global
	GlobalSection(SolutionConfigurationPlatforms) = preSolution
		Debug|Any CPU = Debug|Any CPU
		Release|Any CPU = Release|Any CPU
	EndGlobalSection
	GlobalSection(ProjectConfigurationPlatforms) = postSolution
		{A9DE45F2-CA15-0FE7-FB1C-5AD0A2F15FA6}.Debug|Any CPU.ActiveCfg = Debug|Any CPU
		{A9DE45F2-CA15-0FE7-FB1C-5AD0A2F15FA6}.Debug|Any CPU.Build.0 = Debug|Any CPU
		{A9DE45F2-CA15-0FE7-FB1C-5AD0A2F15FA6}.Release|Any CPU.ActiveCfg = Release|Any CPU
		{A9DE45F2-CA15-0FE7-FB1C-5AD0A2F15FA6}.Release|Any CPU.Build.0 = Release|Any CPU
		{987046FB-6852-6391-1AA5-2DDF46579A4E}.Debug|Any CPU.ActiveCfg = Debug|Any CPU
		{987046FB-6852-6391-1AA5-2DDF46579A4E}.Debug|Any CPU.Build.0 = Debug|Any CPU
		{987046FB-6852-6391-1AA5-2DDF46579A4E}.Release|Any CPU.ActiveCfg = Release|Any CPU
		{987046FB-6852-6391-1AA5-2DDF46579A4E}.Release|Any CPU.Build.0 = Release|Any CPU
		{6137A6C1-63DA-17E8-4D0B-85A71BC7F3EF}.Debug|Any CPU.ActiveCfg = Debug|Any CPU
		{6137A6C1-63DA-17E8-4D0B-85A71BC7F3EF}.Debug|Any CPU.Build.0 = Debug|Any CPU
		{6137A6C1-63DA-17E8-4D0B-85A71BC7F3EF}.Release|Any CPU.ActiveCfg = Release|Any CPU
		{6137A6C1-63DA-17E8-4D0B-85A71BC7F3EF}.Release|Any CPU.Build.0 = Release|Any CPU
		{33B4C83B-AF82-E84B-B12F-AD4CEBF8BEC1}.Debug|Any CPU.ActiveCfg = Debug|Any CPU
		{33B4C83B-AF82-E84B-B12F-AD4CEBF8BEC1}.Debug|Any CPU.Build.0 = Debug|Any CPU
		{33B4C83B-AF82-E84B-B12F-AD4CEBF8BEC1}.Release|Any CPU.ActiveCfg = Release|Any CPU
		{33B4C83B-AF82-E84B-B12F-AD4CEBF8BEC1}.Release|Any CPU.Build.0 = Release|Any CPU
		{B454B86D-DFEB-AE92-5DC7-15F43D59A95A}.Debug|Any CPU.ActiveCfg = Debug|Any CPU
		{B454B86D-DFEB-AE92-5DC7-15F43D59A95A}.Debug|Any CPU.Build.0 = Debug|Any CPU
		{B454B86D-DFEB-AE92-5DC7-15F43D59A95A}.Release|Any CPU.ActiveCfg = Release|Any CPU
		{B454B86D-DFEB-AE92-5DC7-15F43D59A95A}.Release|Any CPU.Build.0 = Release|Any CPU
		{3BA98A35-144A-674E-F1F5-EA11BB14AB43}.Debug|Any CPU.ActiveCfg = Debug|Any CPU
		{3BA98A35-144A-674E-F1F5-EA11BB14AB43}.Debug|Any CPU.Build.0 = Debug|Any CPU
		{3BA98A35-144A-674E-F1F5-EA11BB14AB43}.Release|Any CPU.ActiveCfg = Release|Any CPU
		{3BA98A35-144A-674E-F1F5-EA11BB14AB43}.Release|Any CPU.Build.0 = Release|Any CPU
		{90C49D19-0824-4A79-4B17-B8DDFB0549E4}.Debug|Any CPU.ActiveCfg = Debug|Any CPU
		{90C49D19-0824-4A79-4B17-B8DDFB0549E4}.Debug|Any CPU.Build.0 = Debug|Any CPU
		{90C49D19-0824-4A79-4B17-B8DDFB0549E4}.Release|Any CPU.ActiveCfg = Release|Any CPU
		{90C49D19-0824-4A79-4B17-B8DDFB0549E4}.Release|Any CPU.Build.0 = Release|Any CPU
		{C8C3B26A-3182-E2DA-822E-CDCF7910A8C3}.Debug|Any CPU.ActiveCfg = Debug|Any CPU
		{C8C3B26A-3182-E2DA-822E-CDCF7910A8C3}.Debug|Any CPU.Build.0 = Debug|Any CPU
		{C8C3B26A-3182-E2DA-822E-CDCF7910A8C3}.Release|Any CPU.ActiveCfg = Release|Any CPU
		{C8C3B26A-3182-E2DA-822E-CDCF7910A8C3}.Release|Any CPU.Build.0 = Release|Any CPU
		{55DE9D60-FA4E-8AF1-1B4F-2C37CE7E4D5C}.Debug|Any CPU.ActiveCfg = Debug|Any CPU
		{55DE9D60-FA4E-8AF1-1B4F-2C37CE7E4D5C}.Debug|Any CPU.Build.0 = Debug|Any CPU
		{55DE9D60-FA4E-8AF1-1B4F-2C37CE7E4D5C}.Release|Any CPU.ActiveCfg = Release|Any CPU
		{55DE9D60-FA4E-8AF1-1B4F-2C37CE7E4D5C}.Release|Any CPU.Build.0 = Release|Any CPU
		{F0640BB9-97F7-8857-B53E-16BE6FA6C981}.Debug|Any CPU.ActiveCfg = Debug|Any CPU
		{F0640BB9-97F7-8857-B53E-16BE6FA6C981}.Debug|Any CPU.Build.0 = Debug|Any CPU
		{F0640BB9-97F7-8857-B53E-16BE6FA6C981}.Release|Any CPU.ActiveCfg = Release|Any CPU
		{F0640BB9-97F7-8857-B53E-16BE6FA6C981}.Release|Any CPU.Build.0 = Release|Any CPU
		{C4D3EC0E-E129-A5D4-F905-D312F0B531C9}.Debug|Any CPU.ActiveCfg = Debug|Any CPU
		{C4D3EC0E-E129-A5D4-F905-D312F0B531C9}.Debug|Any CPU.Build.0 = Debug|Any CPU
		{C4D3EC0E-E129-A5D4-F905-D312F0B531C9}.Release|Any CPU.ActiveCfg = Release|Any CPU
		{C4D3EC0E-E129-A5D4-F905-D312F0B531C9}.Release|Any CPU.Build.0 = Release|Any CPU
	EndGlobalSection
	GlobalSection(SolutionProperties) = preSolution
		HideSolutionNode = FALSE
	EndGlobalSection
EndGlobal
